
Microsoft Visual Studio Solution File, Format Version 12.00
# Visual Studio Version 17
VisualStudioVersion = 17.9.34728.123
MinimumVisualStudioVersion = 10.0.40219.1
Project("{FAE04EC0-301F-11D3-BF4B-00C04F79EFBC}") = "WebAuthentication", "WebAuthentication\WebAuthentication.csproj", "{15CA8A9B-DD04-49E2-AB9F-69A21CFA512A}"
EndProject
Global
	GlobalSection(SolutionConfigurationPlatforms) = preSolution
		Debug|Any CPU = Debug|Any CPU
		Release|Any CPU = Release|Any CPU
	EndGlobalSection
	GlobalSection(ProjectConfigurationPlatforms) = postSolution
		{15CA8A9B-DD04-49E2-AB9F-69A21CFA512A}.Debug|Any CPU.ActiveCfg = Debug|Any CPU
		{15CA8A9B-DD04-49E2-AB9F-69A21CFA512A}.Debug|Any CPU.Build.0 = Debug|Any CPU
		{15CA8A9B-DD04-49E2-AB9F-69A21CFA512A}.Release|Any CPU.ActiveCfg = Release|Any CPU
		{15CA8A9B-DD04-49E2-AB9F-69A21CFA512A}.Release|Any CPU.Build.0 = Release|Any CPU
	EndGlobalSection
	GlobalSection(SolutionProperties) = preSolution
		HideSolutionNode = FALSE
	EndGlobalSection
	GlobalSection(ExtensibilityGlobals) = postSolution
		SolutionGuid = {3C824E36-0E9B-4684-A726-51C76448EDB3}
	EndGlobalSection
EndGlobal
